
Microsoft Visual Studio Solution File, Format Version 12.00
# Visual Studio Version 16
VisualStudioVersion = 16.0.33027.164
MinimumVisualStudioVersion = 10.0.40219.1
Project("{FAE04EC0-301F-11D3-BF4B-00C04F79EFBC}") = "UserAPI", "UserAPI\UserAPI.csproj", "{AF48B48B-19E6-4D11-A3A5-6110BAED2DCF}"
EndProject
Project("{FAE04EC0-301F-11D3-BF4B-00C04F79EFBC}") = "User.Data", "User.Data\User.Data.csproj", "{16127A44-E687-4A42-A1ED-CD11BD789D5A}"
EndProject
Project("{FAE04EC0-301F-11D3-BF4B-00C04F79EFBC}") = "User.Service", "User.Service\User.Service.csproj", "{8D275DA1-EB61-405A-B632-BD4ED007DE7D}"
EndProject
Project("{FAE04EC0-301F-11D3-BF4B-00C04F79EFBC}") = "User.Repository", "User.Repository\User.Repository.csproj", "{583AB659-9F73-4B8E-A69C-DF2F518F7A48}"
EndProject
Project("{FAE04EC0-301F-11D3-BF4B-00C04F79EFBC}") = "UserApi.Tests.Unit", "UserApi.Tests.Unit\UserApi.Tests.Unit.csproj", "{6243B4FB-1A60-4580-9AD8-173543C2A6A0}"
EndProject
Global
	GlobalSection(SolutionConfigurationPlatforms) = preSolution
		Debug|Any CPU = Debug|Any CPU
		Release|Any CPU = Release|Any CPU
	EndGlobalSection
	GlobalSection(ProjectConfigurationPlatforms) = postSolution
		{AF48B48B-19E6-4D11-A3A5-6110BAED2DCF}.Debug|Any CPU.ActiveCfg = Debug|Any CPU
		{AF48B48B-19E6-4D11-A3A5-6110BAED2DCF}.Debug|Any CPU.Build.0 = Debug|Any CPU
		{AF48B48B-19E6-4D11-A3A5-6110BAED2DCF}.Release|Any CPU.ActiveCfg = Release|Any CPU
		{AF48B48B-19E6-4D11-A3A5-6110BAED2DCF}.Release|Any CPU.Build.0 = Release|Any CPU
		{16127A44-E687-4A42-A1ED-CD11BD789D5A}.Debug|Any CPU.ActiveCfg = Debug|Any CPU
		{16127A44-E687-4A42-A1ED-CD11BD789D5A}.Debug|Any CPU.Build.0 = Debug|Any CPU
		{16127A44-E687-4A42-A1ED-CD11BD789D5A}.Release|Any CPU.ActiveCfg = Release|Any CPU
		{16127A44-E687-4A42-A1ED-CD11BD789D5A}.Release|Any CPU.Build.0 = Release|Any CPU
		{8D275DA1-EB61-405A-B632-BD4ED007DE7D}.Debug|Any CPU.ActiveCfg = Debug|Any CPU
		{8D275DA1-EB61-405A-B632-BD4ED007DE7D}.Debug|Any CPU.Build.0 = Debug|Any CPU
		{8D275DA1-EB61-405A-B632-BD4ED007DE7D}.Release|Any CPU.ActiveCfg = Release|Any CPU
		{8D275DA1-EB61-405A-B632-BD4ED007DE7D}.Release|Any CPU.Build.0 = Release|Any CPU
		{583AB659-9F73-4B8E-A69C-DF2F518F7A48}.Debug|Any CPU.ActiveCfg = Debug|Any CPU
		{583AB659-9F73-4B8E-A69C-DF2F518F7A48}.Debug|Any CPU.Build.0 = Debug|Any CPU
		{583AB659-9F73-4B8E-A69C-DF2F518F7A48}.Release|Any CPU.ActiveCfg = Release|Any CPU
		{583AB659-9F73-4B8E-A69C-DF2F518F7A48}.Release|Any CPU.Build.0 = Release|Any CPU
		{6243B4FB-1A60-4580-9AD8-173543C2A6A0}.Debug|Any CPU.ActiveCfg = Debug|Any CPU
		{6243B4FB-1A60-4580-9AD8-173543C2A6A0}.Debug|Any CPU.Build.0 = Debug|Any CPU
		{6243B4FB-1A60-4580-9AD8-173543C2A6A0}.Release|Any CPU.ActiveCfg = Release|Any CPU
		{6243B4FB-1A60-4580-9AD8-173543C2A6A0}.Release|Any CPU.Build.0 = Release|Any CPU
	EndGlobalSection
	GlobalSection(SolutionProperties) = preSolution
		HideSolutionNode = FALSE
	EndGlobalSection
	GlobalSection(ExtensibilityGlobals) = postSolution
		SolutionGuid = {A1A5AA05-04A1-4290-9F4F-7B858B2D5DE0}
	EndGlobalSection
EndGlobal
